// !$*UTF8*$!
{
	archiveVersion = 1;
	classes = {
	};
	objectVersion = 46;
	objects = {

/* Begin PBXBuildFile section */
		BF18F8D81D75D4E4008907B2 /* AppDelegate.swift in Sources */ = {isa = PBXBuildFile; fileRef = BF18F8D71D75D4E4008907B2 /* AppDelegate.swift */; };
		BF18F8DA1D75D4E4008907B2 /* ViewController.swift in Sources */ = {isa = PBXBuildFile; fileRef = BF18F8D91D75D4E4008907B2 /* ViewController.swift */; };
		BF18F8DD1D75D4E4008907B2 /* Main.storyboard in Resources */ = {isa = PBXBuildFile; fileRef = BF18F8DB1D75D4E4008907B2 /* Main.storyboard */; };
		BF18F8DF1D75D4E4008907B2 /* Assets.xcassets in Resources */ = {isa = PBXBuildFile; fileRef = BF18F8DE1D75D4E4008907B2 /* Assets.xcassets */; };
		BF18F8E21D75D4E4008907B2 /* LaunchScreen.storyboard in Resources */ = {isa = PBXBuildFile; fileRef = BF18F8E01D75D4E4008907B2 /* LaunchScreen.storyboard */; };
		BF18F8EA1D75D8BF008907B2 /* image.png in Resources */ = {isa = PBXBuildFile; fileRef = BF18F8E91D75D8BF008907B2 /* image.png */; };
/* End PBXBuildFile section */

/* Begin PBXFileReference section */
		BF18F8D41D75D4E4008907B2 /* CoreImageFun.app */ = {isa = PBXFileReference; explicitFileType = wrapper.application; includeInIndex = 0; path = CoreImageFun.app; sourceTree = BUILT_PRODUCTS_DIR; };
		BF18F8D71D75D4E4008907B2 /* AppDelegate.swift */ = {isa = PBXFileReference; lastKnownFileType = sourcecode.swift; path = AppDelegate.swift; sourceTree = "<group>"; };
		BF18F8D91D75D4E4008907B2 /* ViewController.swift */ = {isa = PBXFileReference; lastKnownFileType = sourcecode.swift; path = ViewController.swift; sourceTree = "<group>"; };
		BF18F8DC1D75D4E4008907B2 /* Base */ = {isa = PBXFileReference; lastKnownFileType = file.storyboard; name = Base; path = Base.lproj/Main.storyboard; sourceTree = "<group>"; };
		BF18F8DE1D75D4E4008907B2 /* Assets.xcassets */ = {isa = PBXFileReference; lastKnownFileType = folder.assetcatalog; path = Assets.xcassets; sourceTree = "<group>"; };
		BF18F8E11D75D4E4008907B2 /* Base */ = {isa = PBXFileReference; lastKnownFileType = file.storyboard; name = Base; path = Base.lproj/LaunchScreen.storyboard; sourceTree = "<group>"; };
		BF18F8E31D75D4E4008907B2 /* Info.plist */ = {isa = PBXFileReference; lastKnownFileType = text.plist.xml; path = Info.plist; sourceTree = "<group>"; };
		BF18F8E91D75D8BF008907B2 /* image.png */ = {isa = PBXFileReference; lastKnownFileType = image.png; path = image.png; sourceTree = "<group>"; };
/* End PBXFileReference section */

/* Begin PBXFrameworksBuildPhase section */
		BF18F8D11D75D4E4008907B2 /* Frameworks */ = {
			isa = PBXFrameworksBuildPhase;
			buildActionMask = 2147483647;
			files = (
			);
			runOnlyForDeploymentPostprocessing = 0;
		};
/* End PBXFrameworksBuildPhase section */

/* Begin PBXGroup section */
		BF18F8CB1D75D4E4008907B2 = {
			isa = PBXGroup;
			children = (
				BF18F8D61D75D4E4008907B2 /* CoreImageFun */,
				BF18F8D51D75D4E4008907B2 /* Products */,
			);
			sourceTree = "<group>";
		};
		BF18F8D51D75D4E4008907B2 /* Products */ = {
			isa = PBXGroup;
			children = (
				BF18F8D41D75D4E4008907B2 /* CoreImageFun.app */,
			);
			name = Products;
			sourceTree = "<group>";
		};
		BF18F8D61D75D4E4008907B2 /* CoreImageFun */ = {
			isa = PBXGroup;
			children = (
				BF18F8D71D75D4E4008907B2 /* AppDelegate.swift */,
				BF18F8D91D75D4E4008907B2 /* ViewController.swift */,
				BF18F8DB1D75D4E4008907B2 /* Main.storyboard */,
				BF18F8E91D75D8BF008907B2 /* image.png */,
				BF18F8DE1D75D4E4008907B2 /* Assets.xcassets */,
				BF18F8E01D75D4E4008907B2 /* LaunchScreen.storyboard */,
				BF18F8E31D75D4E4008907B2 /* Info.plist */,
			);
			path = CoreImageFun;
			sourceTree = "<group>";
		};
/* End PBXGroup section */

/* Begin PBXNativeTarget section */
		BF18F8D31D75D4E4008907B2 /* CoreImageFun */ = {
			isa = PBXNativeTarget;
			buildConfigurationList = BF18F8E61D75D4E4008907B2 /* Build configuration list for PBXNativeTarget "CoreImageFun" */;
			buildPhases = (
				BF18F8D01D75D4E4008907B2 /* Sources */,
				BF18F8D11D75D4E4008907B2 /* Frameworks */,
				BF18F8D21D75D4E4008907B2 /* Resources */,
			);
			buildRules = (
			);
			dependencies = (
			);
			name = CoreImageFun;
			productName = CoreImageFun;
			productReference = BF18F8D41D75D4E4008907B2 /* CoreImageFun.app */;
			productType = "com.apple.product-type.application";
		};
/* End PBXNativeTarget section */

/* Begin PBXProject section */
		BF18F8CC1D75D4E4008907B2 /* Project object */ = {
			isa = PBXProject;
			attributes = {
				LastSwiftUpdateCheck = 0730;
				LastUpgradeCheck = 0730;
				ORGANIZATIONNAME = "Bao Nguyen";
				TargetAttributes = {
					BF18F8D31D75D4E4008907B2 = {
						CreatedOnToolsVersion = 7.3.1;
					};
				};
			};
			buildConfigurationList = BF18F8CF1D75D4E4008907B2 /* Build configuration list for PBXProject "CoreImageFun" */;
			compatibilityVersion = "Xcode 3.2";
			developmentRegion = English;
			hasScannedForEncodings = 0;
			knownRegions = (
				en,
				Base,
			);
			mainGroup = BF18F8CB1D75D4E4008907B2;
			productRefGroup = BF18F8D51D75D4E4008907B2 /* Products */;
			projectDirPath = "";
			projectRoot = "";
			targets = (
				BF18F8D31D75D4E4008907B2 /* CoreImageFun */,
			);
		};
/* End PBXProject section */

/* Begin PBXResourcesBuildPhase section */
		BF18F8D21D75D4E4008907B2 /* Resources */ = {
			isa = PBXResourcesBuildPhase;
			buildActionMask = 2147483647;
			files = (
				BF18F8E21D75D4E4008907B2 /* LaunchScreen.storyboard in Resources */,
				BF18F8DF1D75D4E4008907B2 /* Assets.xcassets in Resources */,
				BF18F8DD1D75D4E4008907B2 /* Main.storyboard in Resources */,
				BF18F8EA1D75D8BF008907B2 /* image.png in Resources */,
			);
			runOnlyForDeploymentPostprocessing = 0;
		};
/* End PBXResourcesBuildPhase section */

/* Begin PBXSourcesBuildPhase section */
		BF18F8D01D75D4E4008907B2 /* Sources */ = {
			isa = PBXSourcesBuildPhase;
			buildActionMask = 2147483647;
			files = (
				BF18F8DA1D75D4E4008907B2 /* ViewController.swift in Sources */,
				BF18F8D81D75D4E4008907B2 /* AppDelegate.swift in Sources */,
			);
			runOnlyForDeploymentPostprocessing = 0;
		};
/* End PBXSourcesBuildPhase section */

/* Begin PBXVariantGroup section */
		BF18F8DB1D75D4E4008907B2 /* Main.storyboard */ = {
			isa = PBXVariantGroup;
			children = (
				BF18F8DC1D75D4E4008907B2 /* Base */,
			);
			name = Main.storyboard;
			sourceTree = "<group>";
		};
		BF18F8E01D75D4E4008907B2 /* LaunchScreen.storyboard */ = {
			isa = PBXVariantGroup;
			children = (
				BF18F8E11D75D4E4008907B2 /* Base */,
			);
			name = LaunchScreen.storyboard;
			sourceTree = "<group>";
		};
/* End PBXVariantGroup section */

/* Begin XCBuildConfiguration section */
		BF18F8E41D75D4E4008907B2 /* Debug */ = {
			isa = XCBuildConfiguration;
			buildSettings = {
				ALWAYS_SEARCH_USER_PATHS = NO;
				CLANG_ANALYZER_NONNULL = YES;
				CLANG_CXX_LANGUAGE_STANDARD = "gnu++0x";
				CLANG_CXX_LIBRARY = "libc++";
				CLANG_ENABLE_MODULES = YES;
				CLANG_ENABLE_OBJC_ARC = YES;
				CLANG_WARN_BOOL_CONVERSION = YES;
				CLANG_WARN_CONSTANT_CONVERSION = YES;
				CLANG_WARN_DIRECT_OBJC_ISA_USAGE = YES_ERROR;
				CLANG_WARN_EMPTY_BODY = YES;
				CLANG_WARN_ENUM_CONVERSION = YES;
				CLANG_WARN_INT_CONVERSION = YES;
				CLANG_WARN_OBJC_ROOT_CLASS = YES_ERROR;
				CLANG_WARN_UNREACHABLE_CODE = YES;
				CLANG_WARN__DUPLICATE_METHOD_MATCH = YES;
				"CODE_SIGN_IDENTITY[sdk=iphoneos*]" = "iPhone Developer";
				COPY_PHASE_STRIP = NO;
				DEBUG_INFORMATION_FORMAT = dwarf;
				ENABLE_STRICT_OBJC_MSGSEND = YES;
				ENABLE_TESTABILITY = YES;
				GCC_C_LANGUAGE_STANDARD = gnu99;
				GCC_DYNAMIC_NO_PIC = NO;
				GCC_NO_COMMON_BLOCKS = YES;
				GCC_OPTIMIZATION_LEVEL = 0;
				GCC_PREPROCESSOR_DEFINITIONS = (
					"DEBUG=1",
					"$(inherited)",
				);
				GCC_WARN_64_TO_32_BIT_CONVERSION = YES;
				GCC_WARN_ABOUT_RETURN_TYPE = YES_ERROR;
				GCC_WARN_UNDECLARED_SELECTOR = YES;
				GCC_WARN_UNINITIALIZED_AUTOS = YES_AGGRESSIVE;
				GCC_WARN_UNUSED_FUNCTION = YES;
				GCC_WARN_UNUSED_VARIABLE = YES;
				IPHONEOS_DEPLOYMENT_TARGET = 9.3;
				MTL_ENABLE_DEBUG_INFO = YES;
				ONLY_ACTIVE_ARCH = YES;
				SDKROOT = iphoneos;
				SWIFT_OPTIMIZATION_LEVEL = "-Onone";
			};
			name = Debug;
		};
		BF18F8E51D75D4E4008907B2 /* Release */ = {
			isa = XCBuildConfiguration;
			buildSettings = {
				ALWAYS_SEARCH_USER_PATHS = NO;
				CLANG_ANALYZER_NONNULL = YES;
				CLANG_CXX_LANGUAGE_STANDARD = "gnu++0x";
				CLANG_CXX_LIBRARY = "libc++";
				CLANG_ENABLE_MODULES = YES;
				CLANG_ENABLE_OBJC_ARC = YES;
				CLANG_WARN_BOOL_CONVERSION = YES;
				CLANG_WARN_CONSTANT_CONVERSION = YES;
				CLANG_WARN_DIRECT_OBJC_ISA_USAGE = YES_ERROR;
				CLANG_WARN_EMPTY_BODY = YES;
				CLANG_WARN_ENUM_CONVERSION = YES;
				CLANG_WARN_INT_CONVERSION = YES;
				CLANG_WARN_OBJC_ROOT_CLASS = YES_ERROR;
				CLANG_WARN_UNREACHABLE_CODE = YES;
				CLANG_WARN__DUPLICATE_METHOD_MATCH = YES;
				"CODE_SIGN_IDENTITY[sdk=iphoneos*]" = "iPhone Developer";
				COPY_PHASE_STRIP = NO;
				DEBUG_INFORMATION_FORMAT = "dwarf-with-dsym";
				ENABLE_NS_ASSERTIONS = NO;
				ENABLE_STRICT_OBJC_MSGSEND = YES;
				GCC_C_LANGUAGE_STANDARD = gnu99;
				GCC_NO_COMMON_BLOCKS = YES;
				GCC_WARN_64_TO_32_BIT_CONVERSION = YES;
				GCC_WARN_ABOUT_RETURN_TYPE = YES_ERROR;
				GCC_WARN_UNDECLARED_SELECTOR = YES;
				GCC_WARN_UNINITIALIZED_AUTOS = YES_AGGRESSIVE;
				GCC_WARN_UNUSED_FUNCTION = YES;
				GCC_WARN_UNUSED_VARIABLE = YES;
				IPHONEOS_DEPLOYMENT_TARGET = 9.3;
				MTL_ENABLE_DEBUG_INFO = NO;
				SDKROOT = iphoneos;
				VALIDATE_PRODUCT = YES;
			};
			name = Release;
		};
		BF18F8E71D75D4E4008907B2 /* Debug */ = {
			isa = XCBuildConfiguration;
			buildSettings = {
				ASSETCATALOG_COMPILER_APPICON_NAME = AppIcon;
				INFOPLIST_FILE = CoreImageFun/Info.plist;
				LD_RUNPATH_SEARCH_PATHS = "$(inherited) @executable_path/Frameworks";
				PRODUCT_BUNDLE_IDENTIFIER = com.baon.CoreImageFun;
				PRODUCT_NAME = "$(TARGET_NAME)";
			};
			name = Debug;
		};
		BF18F8E81D75D4E4008907B2 /* Release */ = {
			isa = XCBuildConfiguration;
			buildSettings = {
				ASSETCATALOG_COMPILER_APPICON_NAME = AppIcon;
				INFOPLIST_FILE = CoreImageFun/Info.plist;
				LD_RUNPATH_SEARCH_PATHS = "$(inherited) @executable_path/Frameworks";
				PRODUCT_BUNDLE_IDENTIFIER = com.baon.CoreImageFun;
				PRODUCT_NAME = "$(TARGET_NAME)";
			};
			name = Release;
		};
/* End XCBuildConfiguration section */

/* Begin XCConfigurationList section */
		BF18F8CF1D75D4E4008907B2 /* Build configuration list for PBXProject "CoreImageFun" */ = {
			isa = XCConfigurationList;
			buildConfigurations = (
				BF18F8E41D75D4E4008907B2 /* Debug */,
				BF18F8E51D75D4E4008907B2 /* Release */,
			);
			defaultConfigurationIsVisible = 0;
			defaultConfigurationName = Release;
		};
		BF18F8E61D75D4E4008907B2 /* Build configuration list for PBXNativeTarget "CoreImageFun" */ = {
			isa = XCConfigurationList;
			buildConfigurations = (
				BF18F8E71D75D4E4008907B2 /* Debug */,
				BF18F8E81D75D4E4008907B2 /* Release */,
			);
			defaultConfigurationIsVisible = 0;
			defaultConfigurationName = Release;
		};
/* End XCConfigurationList section */
	};
	rootObject = BF18F8CC1D75D4E4008907B2 /* Project object */;
}
